
Microsoft Visual Studio Solution File, Format Version 12.00
# Visual Studio Version 16
VisualStudioVersion = 16.0.30225.117
MinimumVisualStudioVersion = 10.0.40219.1
Project("{FAE04EC0-301F-11D3-BF4B-00C04F79EFBC}") = "problems", "problems.csproj", "{6185DF55-119C-48D3-8919-84AB283DD594}"
EndProject
Global
	GlobalSection(SolutionConfigurationPlatforms) = preSolution
		Debug|Any CPU = Debug|Any CPU
		Release|Any CPU = Release|Any CPU
	EndGlobalSection
	GlobalSection(ProjectConfigurationPlatforms) = postSolution
		{6185DF55-119C-48D3-8919-84AB283DD594}.Debug|Any CPU.ActiveCfg = Debug|Any CPU
		{6185DF55-119C-48D3-8919-84AB283DD594}.Debug|Any CPU.Build.0 = Debug|Any CPU
		{6185DF55-119C-48D3-8919-84AB283DD594}.Release|Any CPU.ActiveCfg = Release|Any CPU
		{6185DF55-119C-48D3-8919-84AB283DD594}.Release|Any CPU.Build.0 = Release|Any CPU
	EndGlobalSection
	GlobalSection(SolutionProperties) = preSolution
		HideSolutionNode = FALSE
	EndGlobalSection
	GlobalSection(ExtensibilityGlobals) = postSolution
		SolutionGuid = {C315089C-2BA7-4D07-A9E3-965E47D97784}
	EndGlobalSection
EndGlobal
